// !$*UTF8*$!
{
	archiveVersion = 1;
	classes = {
	};
	objectVersion = 46;
	objects = {

/* Begin PBXBuildFile section */
		7D2F4E7C193B4AE000C93E20 /* Foundation.framework in Frameworks */ = {isa = PBXBuildFile; fileRef = 7D2F4E7B193B4AE000C93E20 /* Foundation.framework */; };
		7D2F4E7E193B4AE000C93E20 /* CoreGraphics.framework in Frameworks */ = {isa = PBXBuildFile; fileRef = 7D2F4E7D193B4AE000C93E20 /* CoreGraphics.framework */; };
		7D2F4E80193B4AE000C93E20 /* UIKit.framework in Frameworks */ = {isa = PBXBuildFile; fileRef = 7D2F4E7F193B4AE000C93E20 /* UIKit.framework */; };
		7D2F4E86193B4AE000C93E20 /* InfoPlist.strings in Resources */ = {isa = PBXBuildFile; fileRef = 7D2F4E84193B4AE000C93E20 /* InfoPlist.strings */; };
		7D2F4E88193B4AE000C93E20 /* main.m in Sources */ = {isa = PBXBuildFile; fileRef = 7D2F4E87193B4AE000C93E20 /* main.m */; };
		7D2F4E8C193B4AE000C93E20 /* AppDelegate.m in Sources */ = {isa = PBXBuildFile; fileRef = 7D2F4E8B193B4AE000C93E20 /* AppDelegate.m */; };
		7D2F4E92193B4AE000C93E20 /* ViewController.m in Sources */ = {isa = PBXBuildFile; fileRef = 7D2F4E91193B4AE000C93E20 /* ViewController.m */; };
		7D2F4E94193B4AE000C93E20 /* Images.xcassets in Resources */ = {isa = PBXBuildFile; fileRef = 7D2F4E93193B4AE000C93E20 /* Images.xcassets */; };
		7D2F4E9B193B4AE000C93E20 /* XCTest.framework in Frameworks */ = {isa = PBXBuildFile; fileRef = 7D2F4E9A193B4AE000C93E20 /* XCTest.framework */; };
		7D2F4E9C193B4AE000C93E20 /* Foundation.framework in Frameworks */ = {isa = PBXBuildFile; fileRef = 7D2F4E7B193B4AE000C93E20 /* Foundation.framework */; };
		7D2F4E9D193B4AE000C93E20 /* UIKit.framework in Frameworks */ = {isa = PBXBuildFile; fileRef = 7D2F4E7F193B4AE000C93E20 /* UIKit.framework */; };
		7D2F4EB2193B4BED00C93E20 /* VideoPlayerViewController.m in Sources */ = {isa = PBXBuildFile; fileRef = 7D2F4EB1193B4BED00C93E20 /* VideoPlayerViewController.m */; };
		7D2F4EB5193B4C0900C93E20 /* VideoPlayerView.m in Sources */ = {isa = PBXBuildFile; fileRef = 7D2F4EB4193B4C0900C93E20 /* VideoPlayerView.m */; };
		7D2F4EB8193B4C7500C93E20 /* AVFoundation.framework in Frameworks */ = {isa = PBXBuildFile; fileRef = 7D2F4EB7193B4C7500C93E20 /* AVFoundation.framework */; };
		7D2F4EBA193B4C8700C93E20 /* CoreMedia.framework in Frameworks */ = {isa = PBXBuildFile; fileRef = 7D2F4EB9193B4C8700C93E20 /* CoreMedia.framework */; };
		7D2F4EBC193B953300C93E20 /* NFS14.m4v in Resources */ = {isa = PBXBuildFile; fileRef = 7D2F4EBB193B953300C93E20 /* NFS14.m4v */; };
		7D2F4EC6193BB66A00C93E20 /* video_play.png in Resources */ = {isa = PBXBuildFile; fileRef = 7D2F4EC5193BB66A00C93E20 /* video_play.png */; };
/* End PBXBuildFile section */

/* Begin PBXContainerItemProxy section */
		7D2F4E9E193B4AE000C93E20 /* PBXContainerItemProxy */ = {
			isa = PBXContainerItemProxy;
			containerPortal = 7D2F4E70193B4AE000C93E20 /* Project object */;
			proxyType = 1;
			remoteGlobalIDString = 7D2F4E77193B4AE000C93E20;
			remoteInfo = MutipleVideoDemo;
		};
/* End PBXContainerItemProxy section */

/* Begin PBXFileReference section */
		7D2F4E78193B4AE000C93E20 /* MutipleVideoDemo.app */ = {isa = PBXFileReference; explicitFileType = wrapper.application; includeInIndex = 0; path = MutipleVideoDemo.app; sourceTree = BUILT_PRODUCTS_DIR; };
		7D2F4E7B193B4AE000C93E20 /* Foundation.framework */ = {isa = PBXFileReference; lastKnownFileType = wrapper.framework; name = Foundation.framework; path = System/Library/Frameworks/Foundation.framework; sourceTree = SDKROOT; };
		7D2F4E7D193B4AE000C93E20 /* CoreGraphics.framework */ = {isa = PBXFileReference; lastKnownFileType = wrapper.framework; name = CoreGraphics.framework; path = System/Library/Frameworks/CoreGraphics.framework; sourceTree = SDKROOT; };
		7D2F4E7F193B4AE000C93E20 /* UIKit.framework */ = {isa = PBXFileReference; lastKnownFileType = wrapper.framework; name = UIKit.framework; path = System/Library/Frameworks/UIKit.framework; sourceTree = SDKROOT; };
		7D2F4E83193B4AE000C93E20 /* MutipleVideoDemo-Info.plist */ = {isa = PBXFileReference; lastKnownFileType = text.plist.xml; path = "MutipleVideoDemo-Info.plist"; sourceTree = "<group>"; };
		7D2F4E85193B4AE000C93E20 /* en */ = {isa = PBXFileReference; lastKnownFileType = text.plist.strings; name = en; path = en.lproj/InfoPlist.strings; sourceTree = "<group>"; };
		7D2F4E87193B4AE000C93E20 /* main.m */ = {isa = PBXFileReference; lastKnownFileType = sourcecode.c.objc; path = main.m; sourceTree = "<group>"; };
		7D2F4E89193B4AE000C93E20 /* MutipleVideoDemo-Prefix.pch */ = {isa = PBXFileReference; lastKnownFileType = sourcecode.c.h; path = "MutipleVideoDemo-Prefix.pch"; sourceTree = "<group>"; };
		7D2F4E8A193B4AE000C93E20 /* AppDelegate.h */ = {isa = PBXFileReference; lastKnownFileType = sourcecode.c.h; path = AppDelegate.h; sourceTree = "<group>"; };
		7D2F4E8B193B4AE000C93E20 /* AppDelegate.m */ = {isa = PBXFileReference; lastKnownFileType = sourcecode.c.objc; path = AppDelegate.m; sourceTree = "<group>"; };
		7D2F4E90193B4AE000C93E20 /* ViewController.h */ = {isa = PBXFileReference; lastKnownFileType = sourcecode.c.h; path = ViewController.h; sourceTree = "<group>"; };
		7D2F4E91193B4AE000C93E20 /* ViewController.m */ = {isa = PBXFileReference; lastKnownFileType = sourcecode.c.objc; path = ViewController.m; sourceTree = "<group>"; };
		7D2F4E93193B4AE000C93E20 /* Images.xcassets */ = {isa = PBXFileReference; lastKnownFileType = folder.assetcatalog; path = Images.xcassets; sourceTree = "<group>"; };
		7D2F4E99193B4AE000C93E20 /* MutipleVideoDemoTests.xctest */ = {isa = PBXFileReference; explicitFileType = wrapper.cfbundle; includeInIndex = 0; path = MutipleVideoDemoTests.xctest; sourceTree = BUILT_PRODUCTS_DIR; };
		7D2F4E9A193B4AE000C93E20 /* XCTest.framework */ = {isa = PBXFileReference; lastKnownFileType = wrapper.framework; name = XCTest.framework; path = Library/Frameworks/XCTest.framework; sourceTree = DEVELOPER_DIR; };
		7D2F4EB0193B4BED00C93E20 /* VideoPlayerViewController.h */ = {isa = PBXFileReference; fileEncoding = 4; lastKnownFileType = sourcecode.c.h; path = VideoPlayerViewController.h; sourceTree = "<group>"; };
		7D2F4EB1193B4BED00C93E20 /* VideoPlayerViewController.m */ = {isa = PBXFileReference; fileEncoding = 4; lastKnownFileType = sourcecode.c.objc; path = VideoPlayerViewController.m; sourceTree = "<group>"; };
		7D2F4EB3193B4C0900C93E20 /* VideoPlayerView.h */ = {isa = PBXFileReference; fileEncoding = 4; lastKnownFileType = sourcecode.c.h; path = VideoPlayerView.h; sourceTree = "<group>"; };
		7D2F4EB4193B4C0900C93E20 /* VideoPlayerView.m */ = {isa = PBXFileReference; fileEncoding = 4; lastKnownFileType = sourcecode.c.objc; path = VideoPlayerView.m; sourceTree = "<group>"; };
		7D2F4EB7193B4C7500C93E20 /* AVFoundation.framework */ = {isa = PBXFileReference; lastKnownFileType = wrapper.framework; name = AVFoundation.framework; path = System/Library/Frameworks/AVFoundation.framework; sourceTree = SDKROOT; };
		7D2F4EB9193B4C8700C93E20 /* CoreMedia.framework */ = {isa = PBXFileReference; lastKnownFileType = wrapper.framework; name = CoreMedia.framework; path = System/Library/Frameworks/CoreMedia.framework; sourceTree = SDKROOT; };
		7D2F4EBB193B953300C93E20 /* NFS14.m4v */ = {isa = PBXFileReference; lastKnownFileType = file; path = NFS14.m4v; sourceTree = "<group>"; };
		7D2F4EC5193BB66A00C93E20 /* video_play.png */ = {isa = PBXFileReference; lastKnownFileType = image.png; path = video_play.png; sourceTree = "<group>"; };
/* End PBXFileReference section */

/* Begin PBXFrameworksBuildPhase section */
		7D2F4E75193B4AE000C93E20 /* Frameworks */ = {
			isa = PBXFrameworksBuildPhase;
			buildActionMask = 2147483647;
			files = (
				7D2F4EBA193B4C8700C93E20 /* CoreMedia.framework in Frameworks */,
				7D2F4EB8193B4C7500C93E20 /* AVFoundation.framework in Frameworks */,
				7D2F4E7E193B4AE000C93E20 /* CoreGraphics.framework in Frameworks */,
				7D2F4E80193B4AE000C93E20 /* UIKit.framework in Frameworks */,
				7D2F4E7C193B4AE000C93E20 /* Foundation.framework in Frameworks */,
			);
			runOnlyForDeploymentPostprocessing = 0;
		};
		7D2F4E96193B4AE000C93E20 /* Frameworks */ = {
			isa = PBXFrameworksBuildPhase;
			buildActionMask = 2147483647;
			files = (
				7D2F4E9B193B4AE000C93E20 /* XCTest.framework in Frameworks */,
				7D2F4E9D193B4AE000C93E20 /* UIKit.framework in Frameworks */,
				7D2F4E9C193B4AE000C93E20 /* Foundation.framework in Frameworks */,
			);
			runOnlyForDeploymentPostprocessing = 0;
		};
/* End PBXFrameworksBuildPhase section */

/* Begin PBXGroup section */
		7D2F4E6F193B4AE000C93E20 = {
			isa = PBXGroup;
			children = (
				7D2F4E81193B4AE000C93E20 /* MutipleVideoDemo */,
				7D2F4E7A193B4AE000C93E20 /* Frameworks */,
				7D2F4E79193B4AE000C93E20 /* Products */,
			);
			sourceTree = "<group>";
		};
		7D2F4E79193B4AE000C93E20 /* Products */ = {
			isa = PBXGroup;
			children = (
				7D2F4E78193B4AE000C93E20 /* MutipleVideoDemo.app */,
				7D2F4E99193B4AE000C93E20 /* MutipleVideoDemoTests.xctest */,
			);
			name = Products;
			sourceTree = "<group>";
		};
		7D2F4E7A193B4AE000C93E20 /* Frameworks */ = {
			isa = PBXGroup;
			children = (
				7D2F4EB9193B4C8700C93E20 /* CoreMedia.framework */,
				7D2F4EB7193B4C7500C93E20 /* AVFoundation.framework */,
				7D2F4E7B193B4AE000C93E20 /* Foundation.framework */,
				7D2F4E7D193B4AE000C93E20 /* CoreGraphics.framework */,
				7D2F4E7F193B4AE000C93E20 /* UIKit.framework */,
				7D2F4E9A193B4AE000C93E20 /* XCTest.framework */,
			);
			name = Frameworks;
			sourceTree = "<group>";
		};
		7D2F4E81193B4AE000C93E20 /* MutipleVideoDemo */ = {
			isa = PBXGroup;
			children = (
				7D2F4E8A193B4AE000C93E20 /* AppDelegate.h */,
				7D2F4E8B193B4AE000C93E20 /* AppDelegate.m */,
				7D2F4E90193B4AE000C93E20 /* ViewController.h */,
				7D2F4E91193B4AE000C93E20 /* ViewController.m */,
				7D2F4EB6193B4C0D00C93E20 /* CustomVideoPlayer */,
				7D2F4EB3193B4C0900C93E20 /* VideoPlayerView.h */,
				7D2F4EB4193B4C0900C93E20 /* VideoPlayerView.m */,
				7D2F4EB0193B4BED00C93E20 /* VideoPlayerViewController.h */,
				7D2F4EB1193B4BED00C93E20 /* VideoPlayerViewController.m */,
				7D2F4E93193B4AE000C93E20 /* Images.xcassets */,
				7D2F4E82193B4AE000C93E20 /* Supporting Files */,
			);
			path = MutipleVideoDemo;
			sourceTree = "<group>";
		};
		7D2F4E82193B4AE000C93E20 /* Supporting Files */ = {
			isa = PBXGroup;
			children = (
				7D2F4EC5193BB66A00C93E20 /* video_play.png */,
				7D2F4EBB193B953300C93E20 /* NFS14.m4v */,
				7D2F4E83193B4AE000C93E20 /* MutipleVideoDemo-Info.plist */,
				7D2F4E84193B4AE000C93E20 /* InfoPlist.strings */,
				7D2F4E87193B4AE000C93E20 /* main.m */,
				7D2F4E89193B4AE000C93E20 /* MutipleVideoDemo-Prefix.pch */,
			);
			name = "Supporting Files";
			sourceTree = "<group>";
		};
		7D2F4EB6193B4C0D00C93E20 /* CustomVideoPlayer */ = {
			isa = PBXGroup;
			children = (
			);
			name = CustomVideoPlayer;
			sourceTree = "<group>";
		};
/* End PBXGroup section */

/* Begin PBXNativeTarget section */
		7D2F4E77193B4AE000C93E20 /* MutipleVideoDemo */ = {
			isa = PBXNativeTarget;
			buildConfigurationList = 7D2F4EAA193B4AE000C93E20 /* Build configuration list for PBXNativeTarget "MutipleVideoDemo" */;
			buildPhases = (
				7D2F4E74193B4AE000C93E20 /* Sources */,
				7D2F4E75193B4AE000C93E20 /* Frameworks */,
				7D2F4E76193B4AE000C93E20 /* Resources */,
			);
			buildRules = (
			);
			dependencies = (
			);
			name = MutipleVideoDemo;
			productName = MutipleVideoDemo;
			productReference = 7D2F4E78193B4AE000C93E20 /* MutipleVideoDemo.app */;
			productType = "com.apple.product-type.application";
		};
		7D2F4E98193B4AE000C93E20 /* MutipleVideoDemoTests */ = {
			isa = PBXNativeTarget;
			buildConfigurationList = 7D2F4EAD193B4AE000C93E20 /* Build configuration list for PBXNativeTarget "MutipleVideoDemoTests" */;
			buildPhases = (
				7D2F4E95193B4AE000C93E20 /* Sources */,
				7D2F4E96193B4AE000C93E20 /* Frameworks */,
				7D2F4E97193B4AE000C93E20 /* Resources */,
			);
			buildRules = (
			);
			dependencies = (
				7D2F4E9F193B4AE000C93E20 /* PBXTargetDependency */,
			);
			name = MutipleVideoDemoTests;
			productName = MutipleVideoDemoTests;
			productReference = 7D2F4E99193B4AE000C93E20 /* MutipleVideoDemoTests.xctest */;
			productType = "com.apple.product-type.bundle.unit-test";
		};
/* End PBXNativeTarget section */

/* Begin PBXProject section */
		7D2F4E70193B4AE000C93E20 /* Project object */ = {
			isa = PBXProject;
			attributes = {
				LastUpgradeCheck = 0510;
				ORGANIZATIONNAME = CantChat;
				TargetAttributes = {
					7D2F4E98193B4AE000C93E20 = {
						TestTargetID = 7D2F4E77193B4AE000C93E20;
					};
				};
			};
			buildConfigurationList = 7D2F4E73193B4AE000C93E20 /* Build configuration list for PBXProject "MutipleVideoDemo" */;
			compatibilityVersion = "Xcode 3.2";
			developmentRegion = English;
			hasScannedForEncodings = 0;
			knownRegions = (
				en,
				Base,
			);
			mainGroup = 7D2F4E6F193B4AE000C93E20;
			productRefGroup = 7D2F4E79193B4AE000C93E20 /* Products */;
			projectDirPath = "";
			projectRoot = "";
			targets = (
				7D2F4E77193B4AE000C93E20 /* MutipleVideoDemo */,
				7D2F4E98193B4AE000C93E20 /* MutipleVideoDemoTests */,
			);
		};
/* End PBXProject section */

/* Begin PBXResourcesBuildPhase section */
		7D2F4E76193B4AE000C93E20 /* Resources */ = {
			isa = PBXResourcesBuildPhase;
			buildActionMask = 2147483647;
			files = (
				7D2F4E94193B4AE000C93E20 /* Images.xcassets in Resources */,
				7D2F4EC6193BB66A00C93E20 /* video_play.png in Resources */,
				7D2F4E86193B4AE000C93E20 /* InfoPlist.strings in Resources */,
				7D2F4EBC193B953300C93E20 /* NFS14.m4v in Resources */,
			);
			runOnlyForDeploymentPostprocessing = 0;
		};
		7D2F4E97193B4AE000C93E20 /* Resources */ = {
			isa = PBXResourcesBuildPhase;
			buildActionMask = 2147483647;
			files = (
			);
			runOnlyForDeploymentPostprocessing = 0;
		};
/* End PBXResourcesBuildPhase section */

/* Begin PBXSourcesBuildPhase section */
		7D2F4E74193B4AE000C93E20 /* Sources */ = {
			isa = PBXSourcesBuildPhase;
			buildActionMask = 2147483647;
			files = (
				7D2F4EB5193B4C0900C93E20 /* VideoPlayerView.m in Sources */,
				7D2F4E92193B4AE000C93E20 /* ViewController.m in Sources */,
				7D2F4EB2193B4BED00C93E20 /* VideoPlayerViewController.m in Sources */,
				7D2F4E8C193B4AE000C93E20 /* AppDelegate.m in Sources */,
				7D2F4E88193B4AE000C93E20 /* main.m in Sources */,
			);
			runOnlyForDeploymentPostprocessing = 0;
		};
		7D2F4E95193B4AE000C93E20 /* Sources */ = {
			isa = PBXSourcesBuildPhase;
			buildActionMask = 2147483647;
			files = (
			);
			runOnlyForDeploymentPostprocessing = 0;
		};
/* End PBXSourcesBuildPhase section */

/* Begin PBXTargetDependency section */
		7D2F4E9F193B4AE000C93E20 /* PBXTargetDependency */ = {
			isa = PBXTargetDependency;
			target = 7D2F4E77193B4AE000C93E20 /* MutipleVideoDemo */;
			targetProxy = 7D2F4E9E193B4AE000C93E20 /* PBXContainerItemProxy */;
		};
/* End PBXTargetDependency section */

/* Begin PBXVariantGroup section */
		7D2F4E84193B4AE000C93E20 /* InfoPlist.strings */ = {
			isa = PBXVariantGroup;
			children = (
				7D2F4E85193B4AE000C93E20 /* en */,
			);
			name = InfoPlist.strings;
			sourceTree = "<group>";
		};
/* End PBXVariantGroup section */

/* Begin XCBuildConfiguration section */
		7D2F4EA8193B4AE000C93E20 /* Debug */ = {
			isa = XCBuildConfiguration;
			buildSettings = {
				ALWAYS_SEARCH_USER_PATHS = NO;
				CLANG_CXX_LANGUAGE_STANDARD = "gnu++0x";
				CLANG_CXX_LIBRARY = "libc++";
				CLANG_ENABLE_MODULES = YES;
				CLANG_ENABLE_OBJC_ARC = YES;
				CLANG_WARN_BOOL_CONVERSION = YES;
				CLANG_WARN_CONSTANT_CONVERSION = YES;
				CLANG_WARN_DIRECT_OBJC_ISA_USAGE = YES_ERROR;
				CLANG_WARN_EMPTY_BODY = YES;
				CLANG_WARN_ENUM_CONVERSION = YES;
				CLANG_WARN_INT_CONVERSION = YES;
				CLANG_WARN_OBJC_ROOT_CLASS = YES_ERROR;
				CLANG_WARN__DUPLICATE_METHOD_MATCH = YES;
				"CODE_SIGN_IDENTITY[sdk=iphoneos*]" = "iPhone Developer";
				COPY_PHASE_STRIP = NO;
				GCC_C_LANGUAGE_STANDARD = gnu99;
				GCC_DYNAMIC_NO_PIC = NO;
				GCC_OPTIMIZATION_LEVEL = 0;
				GCC_PREPROCESSOR_DEFINITIONS = (
					"DEBUG=1",
					"$(inherited)",
				);
				GCC_SYMBOLS_PRIVATE_EXTERN = NO;
				GCC_WARN_64_TO_32_BIT_CONVERSION = YES;
				GCC_WARN_ABOUT_RETURN_TYPE = YES_ERROR;
				GCC_WARN_UNDECLARED_SELECTOR = YES;
				GCC_WARN_UNINITIALIZED_AUTOS = YES_AGGRESSIVE;
				GCC_WARN_UNUSED_FUNCTION = YES;
				GCC_WARN_UNUSED_VARIABLE = YES;
				IPHONEOS_DEPLOYMENT_TARGET = 7.1;
				ONLY_ACTIVE_ARCH = YES;
				SDKROOT = iphoneos;
				TARGETED_DEVICE_FAMILY = 2;
			};
			name = Debug;
		};
		7D2F4EA9193B4AE000C93E20 /* Release */ = {
			isa = XCBuildConfiguration;
			buildSettings = {
				ALWAYS_SEARCH_USER_PATHS = NO;
				CLANG_CXX_LANGUAGE_STANDARD = "gnu++0x";
				CLANG_CXX_LIBRARY = "libc++";
				CLANG_ENABLE_MODULES = YES;
				CLANG_ENABLE_OBJC_ARC = YES;
				CLANG_WARN_BOOL_CONVERSION = YES;
				CLANG_WARN_CONSTANT_CONVERSION = YES;
				CLANG_WARN_DIRECT_OBJC_ISA_USAGE = YES_ERROR;
				CLANG_WARN_EMPTY_BODY = YES;
				CLANG_WARN_ENUM_CONVERSION = YES;
				CLANG_WARN_INT_CONVERSION = YES;
				CLANG_WARN_OBJC_ROOT_CLASS = YES_ERROR;
				CLANG_WARN__DUPLICATE_METHOD_MATCH = YES;
				"CODE_SIGN_IDENTITY[sdk=iphoneos*]" = "iPhone Developer";
				COPY_PHASE_STRIP = YES;
				ENABLE_NS_ASSERTIONS = NO;
				GCC_C_LANGUAGE_STANDARD = gnu99;
				GCC_WARN_64_TO_32_BIT_CONVERSION = YES;
				GCC_WARN_ABOUT_RETURN_TYPE = YES_ERROR;
				GCC_WARN_UNDECLARED_SELECTOR = YES;
				GCC_WARN_UNINITIALIZED_AUTOS = YES_AGGRESSIVE;
				GCC_WARN_UNUSED_FUNCTION = YES;
				GCC_WARN_UNUSED_VARIABLE = YES;
				IPHONEOS_DEPLOYMENT_TARGET = 7.1;
				SDKROOT = iphoneos;
				TARGETED_DEVICE_FAMILY = 2;
				VALIDATE_PRODUCT = YES;
			};
			name = Release;
		};
		7D2F4EAB193B4AE000C93E20 /* Debug */ = {
			isa = XCBuildConfiguration;
			buildSettings = {
				ASSETCATALOG_COMPILER_APPICON_NAME = AppIcon;
				ASSETCATALOG_COMPILER_LAUNCHIMAGE_NAME = LaunchImage;
				GCC_PRECOMPILE_PREFIX_HEADER = YES;
				GCC_PREFIX_HEADER = "MutipleVideoDemo/MutipleVideoDemo-Prefix.pch";
				INFOPLIST_FILE = "MutipleVideoDemo/MutipleVideoDemo-Info.plist";
				PRODUCT_NAME = "$(TARGET_NAME)";
				WRAPPER_EXTENSION = app;
			};
			name = Debug;
		};
		7D2F4EAC193B4AE000C93E20 /* Release */ = {
			isa = XCBuildConfiguration;
			buildSettings = {
				ASSETCATALOG_COMPILER_APPICON_NAME = AppIcon;
				ASSETCATALOG_COMPILER_LAUNCHIMAGE_NAME = LaunchImage;
				GCC_PRECOMPILE_PREFIX_HEADER = YES;
				GCC_PREFIX_HEADER = "MutipleVideoDemo/MutipleVideoDemo-Prefix.pch";
				INFOPLIST_FILE = "MutipleVideoDemo/MutipleVideoDemo-Info.plist";
				PRODUCT_NAME = "$(TARGET_NAME)";
				WRAPPER_EXTENSION = app;
			};
			name = Release;
		};
		7D2F4EAE193B4AE000C93E20 /* Debug */ = {
			isa = XCBuildConfiguration;
			buildSettings = {
				BUNDLE_LOADER = "$(BUILT_PRODUCTS_DIR)/MutipleVideoDemo.app/MutipleVideoDemo";
				FRAMEWORK_SEARCH_PATHS = (
					"$(SDKROOT)/Developer/Library/Frameworks",
					"$(inherited)",
					"$(DEVELOPER_FRAMEWORKS_DIR)",
				);
				GCC_PRECOMPILE_PREFIX_HEADER = YES;
				GCC_PREFIX_HEADER = "MutipleVideoDemo/MutipleVideoDemo-Prefix.pch";
				GCC_PREPROCESSOR_DEFINITIONS = (
					"DEBUG=1",
					"$(inherited)",
				);
				INFOPLIST_FILE = "MutipleVideoDemoTests/MutipleVideoDemoTests-Info.plist";
				PRODUCT_NAME = "$(TARGET_NAME)";
				TEST_HOST = "$(BUNDLE_LOADER)";
				WRAPPER_EXTENSION = xctest;
			};
			name = Debug;
		};
		7D2F4EAF193B4AE000C93E20 /* Release */ = {
			isa = XCBuildConfiguration;
			buildSettings = {
				BUNDLE_LOADER = "$(BUILT_PRODUCTS_DIR)/MutipleVideoDemo.app/MutipleVideoDemo";
				FRAMEWORK_SEARCH_PATHS = (
					"$(SDKROOT)/Developer/Library/Frameworks",
					"$(inherited)",
					"$(DEVELOPER_FRAMEWORKS_DIR)",
				);
				GCC_PRECOMPILE_PREFIX_HEADER = YES;
				GCC_PREFIX_HEADER = "MutipleVideoDemo/MutipleVideoDemo-Prefix.pch";
				INFOPLIST_FILE = "MutipleVideoDemoTests/MutipleVideoDemoTests-Info.plist";
				PRODUCT_NAME = "$(TARGET_NAME)";
				TEST_HOST = "$(BUNDLE_LOADER)";
				WRAPPER_EXTENSION = xctest;
			};
			name = Release;
		};
/* End XCBuildConfiguration section */

/* Begin XCConfigurationList section */
		7D2F4E73193B4AE000C93E20 /* Build configuration list for PBXProject "MutipleVideoDemo" */ = {
			isa = XCConfigurationList;
			buildConfigurations = (
				7D2F4EA8193B4AE000C93E20 /* Debug */,
				7D2F4EA9193B4AE000C93E20 /* Release */,
			);
			defaultConfigurationIsVisible = 0;
			defaultConfigurationName = Release;
		};
		7D2F4EAA193B4AE000C93E20 /* Build configuration list for PBXNativeTarget "MutipleVideoDemo" */ = {
			isa = XCConfigurationList;
			buildConfigurations = (
				7D2F4EAB193B4AE000C93E20 /* Debug */,
				7D2F4EAC193B4AE000C93E20 /* Release */,
			);
			defaultConfigurationIsVisible = 0;
		};
		7D2F4EAD193B4AE000C93E20 /* Build configuration list for PBXNativeTarget "MutipleVideoDemoTests" */ = {
			isa = XCConfigurationList;
			buildConfigurations = (
				7D2F4EAE193B4AE000C93E20 /* Debug */,
				7D2F4EAF193B4AE000C93E20 /* Release */,
			);
			defaultConfigurationIsVisible = 0;
		};
/* End XCConfigurationList section */
	};
	rootObject = 7D2F4E70193B4AE000C93E20 /* Project object */;
}
